# THIS IS AN AUTOGENERATED FILE. DO NOT EDIT THIS FILE DIRECTLY.
# yarn lockfile v1


csv-parse@^1.2.0:
  version "1.2.0"
  resolved "https://registry.yarnpkg.com/csv-parse/-/csv-parse-1.2.0.tgz#047b73868ab9a85746e885f637f9ed0fb645a425"

csv-stringify@^1.0.4:
  version "1.0.4"
  resolved "https://registry.yarnpkg.com/csv-stringify/-/csv-stringify-1.0.4.tgz#bc18bab9ad4cef3195fd257980b58b479c42d3e5"
  dependencies:
    lodash.get "^4.0.0"

iconv-lite@^0.4.15:
  version "0.4.15"
  resolved "https://registry.yarnpkg.com/iconv-lite/-/iconv-lite-0.4.15.tgz#fe265a218ac6a57cfe854927e9d04c19825eddeb"

jschardet@^1.4.2:
  version "1.4.2"
  resolved "https://registry.yarnpkg.com/jschardet/-/jschardet-1.4.2.tgz#2aa107f142af4121d145659d44f50830961e699a"

lodash.get@^4.0.0:
  version "4.4.2"
  resolved "https://registry.yarnpkg.com/lodash.get/-/lodash.get-4.4.2.tgz#2d177f652fa31e939b4438d5341499dfa3825e99"

temp-dir@^1.0.0:
  version "1.0.0"
  resolved "https://registry.yarnpkg.com/temp-dir/-/temp-dir-1.0.0.tgz#0a7c0ea26d3a39afa7e0ebea9c1fc0bc4daa011d"

tempfile@^2.0.0:
  version "2.0.0"
  resolved "https://registry.yarnpkg.com/tempfile/-/tempfile-2.0.0.tgz#6b0446856a9b1114d1856ffcbe509cccb0977265"
  dependencies:
    temp-dir "^1.0.0"
    uuid "^3.0.1"

uuid@^3.0.1:
  version "3.1.0"
  resolved "https://registry.yarnpkg.com/uuid/-/uuid-3.1.0.tgz#3dd3d3e790abc24d7b0d3a034ffababe28ebbc04"
